# @generated - this file is auto-generated by `mise lock` https://mise.jdx.dev/dev-tools/mise-lock.html

lockfile_version = 3

[[tools.betterleaks]]
version = "1.9.0"
backend = "aqua:betterleaks/betterleaks"
specifiers = ["latest"]

[tools.betterleaks."platforms.macos-arm64"]
checksum = "sha256:83dd7eaab13d44a1e8e347a17064cdef153a1478db473276d41b38d55613d3f2"
url = "https://github.com/betterleaks/betterleaks/releases/download/v1.9.0/betterleaks_1.9.0_darwin_arm64.tar.gz"
url_api = "https://api.github.com/repos/betterleaks/betterleaks/releases/assets/599108927"
provenance = "cosign"

[[tools."github:anchore/grant"]]
version = "0.6.8"
backend = "github:anchore/grant"
specifiers = ["latest"]

[tools."github:anchore/grant"."platforms.macos-arm64"]
checksum = "sha256:3d8f315f4f27d9efc8fc712ee27f10cd0df64ac794226580ea5346234f2d6806"
url = "https://github.com/anchore/grant/releases/download/v0.6.8/grant_0.6.8_darwin_arm64.tar.gz"
url_api = "https://api.github.com/repos/anchore/grant/releases/assets/470622023"
provenance = "github-attestations"

[[tools."github:llvm/llvm-project"]]
version = "llvmorg-23.1.2"
backend = "github:llvm/llvm-project"
specifiers = ["latest"]

[tools."github:llvm/llvm-project".options]
matching = ".tar.zst"

[tools."github:llvm/llvm-project"."platforms.macos-arm64"]
checksum = "sha256:3da0e91b5dfe3a5ec795ad2be79b3f5e6f28c8b23edcd3847fad7742b25e0507"
url = "https://github.com/llvm/llvm-project/releases/download/llvmorg-23.1.2/LLVM-23.1.2-macOS-ARM64.tar.zst"
url_api = "https://api.github.com/repos/llvm/llvm-project/releases/assets/581171424"
provenance = "github-attestations"

[[tools.grype]]
version = "0.120.0"
backend = "aqua:anchore/grype"
specifiers = ["latest"]

[tools.grype."platforms.macos-arm64"]
checksum = "sha256:d27d39ba25ba2d2a1d1568219ff159310d2cb54f3cdd5293e5820c5c784f7f11"
url = "https://github.com/anchore/grype/releases/download/v0.120.0/grype_0.120.0_darwin_arm64.tar.gz"
url_api = "https://api.github.com/repos/anchore/grype/releases/assets/605770234"

[[tools.node]]
version = "24.21.0"
backend = "core:node"
specifiers = ["24"]

[tools.node."platforms.macos-arm64"]
checksum = "sha256:bed7eea5325e1108f32ce5228ddd6a5f0f08a499ee42aa7442aea583702f6057"
url = "https://nodejs.org/dist/v24.21.0/node-v24.21.0-darwin-arm64.tar.gz"

[[tools.pnpm]]
version = "12.9.0"
backend = "aqua:pnpm/pnpm"
specifiers = ["12"]

[tools.pnpm."platforms.macos-arm64"]
checksum = "sha256:12d792463ed8f30cc80e6de4035c37d0d0d78ba57dfb27d8e82bf0fd24d98372"
url = "https://github.com/pnpm/pnpm/releases/download/v12.9.0/pnpm-darwin-arm64.tar.gz"
url_api = "https://api.github.com/repos/pnpm/pnpm/releases/assets/606603785"
provenance = "github-attestations"

[[tools.shellcheck]]
version = "0.11.0"
backend = "aqua:koalaman/shellcheck"
specifiers = ["latest"]

[tools.shellcheck."platforms.macos-arm64"]
checksum = "sha256:56affdd8de5527894dca6dc3d7e0a99a873b0f004d7aabc30ae407d3f48b0a79"
url = "https://github.com/koalaman/shellcheck/releases/download/v0.11.0/shellcheck-v0.11.0.darwin.aarch64.tar.xz"
url_api = "https://api.github.com/repos/koalaman/shellcheck/releases/assets/279056932"

[[tools.shfmt]]
version = "3.14.1"
backend = "aqua:mvdan/sh"
specifiers = ["latest"]

[tools.shfmt."platforms.macos-arm64"]
checksum = "sha256:b7c872db63553ccffc7253aba3ed7d4885a27d83f1ba567b1138c6315a5847e5"
url = "https://github.com/mvdan/sh/releases/download/v3.14.1/shfmt_v3.14.1_darwin_arm64"
url_api = "https://api.github.com/repos/mvdan/sh/releases/assets/547320930"

[[tools.syft]]
version = "1.54.0"
backend = "aqua:anchore/syft"
specifiers = ["latest"]

[tools.syft."platforms.macos-arm64"]
checksum = "sha256:7e0bdad94c569fc6d5785c9a657bbae3d4c4e140ccb5eace3d0b5b6bc2b6dbcf"
url = "https://github.com/anchore/syft/releases/download/v1.54.0/syft_1.54.0_darwin_arm64.tar.gz"
url_api = "https://api.github.com/repos/anchore/syft/releases/assets/604117599"

[[tools.task]]
version = "3.54.0"
backend = "aqua:go-task/task"
specifiers = ["3"]

[tools.task."platforms.macos-arm64"]
checksum = "sha256:12a69fcf37bb8d5bc9150c44f9a936775b73e59ff044c2c245232f198c135637"
url = "https://github.com/go-task/task/releases/download/v3.54.0/task_darwin_arm64.tar.gz"
url_api = "https://api.github.com/repos/go-task/task/releases/assets/604090068"
