# @generated - this file is auto-generated by `mise lock` https://mise.jdx.dev/dev-tools/mise-lock.html

lockfile_version = 3

[[tools."github:llvm/llvm-project"]]
version = "llvmorg-23.1.2"
backend = "github:llvm/llvm-project"
specifiers = ["latest"]

[tools."github:llvm/llvm-project".options]
matching = ".tar.zst"

[tools."github:llvm/llvm-project"."platforms.macos-arm64"]
checksum = "sha256:3da0e91b5dfe3a5ec795ad2be79b3f5e6f28c8b23edcd3847fad7742b25e0507"
url = "https://github.com/llvm/llvm-project/releases/download/llvmorg-23.1.2/LLVM-23.1.2-macOS-ARM64.tar.zst"
url_api = "https://api.github.com/repos/llvm/llvm-project/releases/assets/581171424"
provenance = "github-attestations"

[[tools.task]]
version = "3.54.0"
backend = "aqua:go-task/task"
specifiers = ["3"]

[tools.task."platforms.macos-arm64"]
checksum = "sha256:12a69fcf37bb8d5bc9150c44f9a936775b73e59ff044c2c245232f198c135637"
url = "https://github.com/go-task/task/releases/download/v3.54.0/task_darwin_arm64.tar.gz"
url_api = "https://api.github.com/repos/go-task/task/releases/assets/604090068"
