# @generated - this file is auto-generated by `mise lock` https://mise.jdx.dev/dev-tools/mise-lock.html

lockfile_version = 3

[[tools.betterleaks]]
version = "1.9.0"
backend = "aqua:betterleaks/betterleaks"
specifiers = ["latest"]

[tools.betterleaks."platforms.macos-arm64"]
checksum = "sha256:83dd7eaab13d44a1e8e347a17064cdef153a1478db473276d41b38d55613d3f2"
url = "https://github.com/betterleaks/betterleaks/releases/download/v1.9.0/betterleaks_1.9.0_darwin_arm64.tar.gz"
url_api = "https://api.github.com/repos/betterleaks/betterleaks/releases/assets/599108927"
provenance = "cosign"

[[tools.dotnet]]
version = "10.0.401"
backend = "core:dotnet"
specifiers = ["10.0.401"]

[[tools."github:anchore/grant"]]
version = "0.6.8"
backend = "github:anchore/grant"
specifiers = ["latest"]

[tools."github:anchore/grant"."platforms.macos-arm64"]
checksum = "sha256:3d8f315f4f27d9efc8fc712ee27f10cd0df64ac794226580ea5346234f2d6806"
url = "https://github.com/anchore/grant/releases/download/v0.6.8/grant_0.6.8_darwin_arm64.tar.gz"
url_api = "https://api.github.com/repos/anchore/grant/releases/assets/470622023"
provenance = "github-attestations"

[[tools."github:boyter/scc"]]
version = "4.1.0"
backend = "github:boyter/scc"
specifiers = ["latest"]

[tools."github:boyter/scc"."platforms.macos-arm64"]
checksum = "sha256:7201c7aa4aace058d43308462cba72adb18f6094c08c0741727455976d0a0747"
url = "https://github.com/boyter/scc/releases/download/v4.1.0/scc_Darwin_arm64.tar.gz"
url_api = "https://api.github.com/repos/boyter/scc/releases/assets/549478883"

[[tools."github:llvm/llvm-project"]]
version = "llvmorg-23.1.2"
backend = "github:llvm/llvm-project"
specifiers = ["latest"]

[tools."github:llvm/llvm-project".options]
matching = ".tar.zst"

[tools."github:llvm/llvm-project"."platforms.macos-arm64"]
checksum = "sha256:3da0e91b5dfe3a5ec795ad2be79b3f5e6f28c8b23edcd3847fad7742b25e0507"
url = "https://github.com/llvm/llvm-project/releases/download/llvmorg-23.1.2/LLVM-23.1.2-macOS-ARM64.tar.zst"
url_api = "https://api.github.com/repos/llvm/llvm-project/releases/assets/581171424"
provenance = "github-attestations"

[[tools.go]]
version = "1.27.1"
backend = "core:go"
specifiers = [
    "1",
    "1.27",
]

[tools.go."platforms.macos-arm64"]
checksum = "sha256:ee215d57e0ec269c60cc9ceca68e6bda321ba9ee5afe24f4b0988703c2d87d12"
url = "https://dl.google.com/go/go1.27.1.darwin-arm64.tar.gz"

[[tools.golangci-lint]]
version = "2.14.0"
backend = "aqua:golangci/golangci-lint"
specifiers = ["2"]

[tools.golangci-lint."platforms.macos-arm64"]
checksum = "sha256:5ef5f36a7147e91dc58ef9ef4d11bb7bad5ead0c76eb6c01327a73c641d1dcc3"
url = "https://github.com/golangci/golangci-lint/releases/download/v2.14.0/golangci-lint-2.14.0-darwin-arm64.tar.gz"
url_api = "https://api.github.com/repos/golangci/golangci-lint/releases/assets/585813591"
provenance = "github-attestations"

[[tools.grype]]
version = "0.120.0"
backend = "aqua:anchore/grype"
specifiers = ["latest"]

[tools.grype."platforms.macos-arm64"]
checksum = "sha256:d27d39ba25ba2d2a1d1568219ff159310d2cb54f3cdd5293e5820c5c784f7f11"
url = "https://github.com/anchore/grype/releases/download/v0.120.0/grype_0.120.0_darwin_arm64.tar.gz"
url_api = "https://api.github.com/repos/anchore/grype/releases/assets/605770234"

[[tools.node]]
version = "24.21.0"
backend = "core:node"
specifiers = ["24"]

[tools.node."platforms.macos-arm64"]
checksum = "sha256:bed7eea5325e1108f32ce5228ddd6a5f0f08a499ee42aa7442aea583702f6057"
url = "https://nodejs.org/dist/v24.21.0/node-v24.21.0-darwin-arm64.tar.gz"

[[tools.pnpm]]
version = "12.9.0"
backend = "aqua:pnpm/pnpm"
specifiers = ["12"]

[tools.pnpm."platforms.macos-arm64"]
checksum = "sha256:12d792463ed8f30cc80e6de4035c37d0d0d78ba57dfb27d8e82bf0fd24d98372"
url = "https://github.com/pnpm/pnpm/releases/download/v12.9.0/pnpm-darwin-arm64.tar.gz"
url_api = "https://api.github.com/repos/pnpm/pnpm/releases/assets/606603785"
provenance = "github-attestations"

[[tools."pypi:lizard"]]
version = "1.24.0"
backend = "pypi:lizard"
specifiers = ["latest"]
uv = { path = ".mise/locks/pypi-lizard/1.24.0", digest = "sha256:da1f2efd3a93350878abc437489a912dd9e965b1382e6e3b9735ea67e8961ac4" }

[[tools.python]]
version = "3.14.8"
backend = "core:python"
specifiers = [
    "3",
    "3.14",
]

[tools.python."platforms.macos-arm64"]
checksum = "sha256:ed14e9042f36c0aa18383f5d9729bcbf17847e842666a793b5a5a5d8505c0ca1"
url = "https://github.com/astral-sh/python-build-standalone/releases/download/20261003/cpython-3.14.8+20261003-aarch64-apple-darwin-install_only_stripped.tar.gz"
provenance = "github-attestations"

[[tools.ruff]]
version = "0.16.10"
backend = "aqua:astral-sh/ruff"
specifiers = ["latest"]

[tools.ruff."platforms.macos-arm64"]
checksum = "sha256:f051cd306de2691262a0574f8857cd1f4d6bfcd448084ea23d61b9c1c37df510"
url = "https://github.com/astral-sh/ruff/releases/download/0.16.10/ruff-aarch64-apple-darwin.tar.gz"
url_api = "https://api.github.com/repos/astral-sh/ruff/releases/assets/603826852"
provenance = "github-attestations"

[[tools.rust]]
version = "1.99.0"
backend = "core:rust"
specifiers = ["1.99.0"]

[tools.rust.options]
components = "clippy,rustfmt"
profile = "minimal"

[[tools.shellcheck]]
version = "0.11.0"
backend = "aqua:koalaman/shellcheck"
specifiers = ["latest"]

[tools.shellcheck."platforms.macos-arm64"]
checksum = "sha256:56affdd8de5527894dca6dc3d7e0a99a873b0f004d7aabc30ae407d3f48b0a79"
url = "https://github.com/koalaman/shellcheck/releases/download/v0.11.0/shellcheck-v0.11.0.darwin.aarch64.tar.xz"
url_api = "https://api.github.com/repos/koalaman/shellcheck/releases/assets/279056932"

[[tools.shfmt]]
version = "3.14.1"
backend = "aqua:mvdan/sh"
specifiers = ["latest"]

[tools.shfmt."platforms.macos-arm64"]
checksum = "sha256:b7c872db63553ccffc7253aba3ed7d4885a27d83f1ba567b1138c6315a5847e5"
url = "https://github.com/mvdan/sh/releases/download/v3.14.1/shfmt_v3.14.1_darwin_arm64"
url_api = "https://api.github.com/repos/mvdan/sh/releases/assets/547320930"

[[tools.syft]]
version = "1.54.0"
backend = "aqua:anchore/syft"
specifiers = ["latest"]

[tools.syft."platforms.macos-arm64"]
checksum = "sha256:7e0bdad94c569fc6d5785c9a657bbae3d4c4e140ccb5eace3d0b5b6bc2b6dbcf"
url = "https://github.com/anchore/syft/releases/download/v1.54.0/syft_1.54.0_darwin_arm64.tar.gz"
url_api = "https://api.github.com/repos/anchore/syft/releases/assets/604117599"

[[tools.task]]
version = "3.54.0"
backend = "aqua:go-task/task"
specifiers = ["3"]

[tools.task."platforms.macos-arm64"]
checksum = "sha256:12a69fcf37bb8d5bc9150c44f9a936775b73e59ff044c2c245232f198c135637"
url = "https://github.com/go-task/task/releases/download/v3.54.0/task_darwin_arm64.tar.gz"
url_api = "https://api.github.com/repos/go-task/task/releases/assets/604090068"

[[tools.uv]]
version = "0.12.22"
backend = "aqua:astral-sh/uv"
specifiers = ["latest"]

[tools.uv."platforms.macos-arm64"]
checksum = "sha256:5d714de09501a59393ceca78f4bc232a50478729640d251907160299b2a93ddd"
url = "https://github.com/astral-sh/uv/releases/download/0.12.22/uv-aarch64-apple-darwin.tar.gz"
url_api = "https://api.github.com/repos/astral-sh/uv/releases/assets/604418308"
provenance = "github-attestations"
